// !$*UTF8*$!
{
	archiveVersion = 1;
	classes = {
	};
	objectVersion = 50;
	objects = {

/* Begin PBXBuildFile section */
		54F25451258798B300A78A4D /* AppDelegate.swift in Sources */ = {isa = PBXBuildFile; fileRef = 54F25450258798B300A78A4D /* AppDelegate.swift */; };
		54F25453258798B300A78A4D /* SceneDelegate.swift in Sources */ = {isa = PBXBuildFile; fileRef = 54F25452258798B300A78A4D /* SceneDelegate.swift */; };
		54F25458258798B300A78A4D /* Main.storyboard in Resources */ = {isa = PBXBuildFile; fileRef = 54F25456258798B300A78A4D /* Main.storyboard */; };
		54F2545A258798B500A78A4D /* Assets.xcassets in Resources */ = {isa = PBXBuildFile; fileRef = 54F25459258798B500A78A4D /* Assets.xcassets */; };
		54F2545D258798B500A78A4D /* LaunchScreen.storyboard in Resources */ = {isa = PBXBuildFile; fileRef = 54F2545B258798B500A78A4D /* LaunchScreen.storyboard */; };
		54F254662587990800A78A4D /* CollageCreationViewController.swift in Sources */ = {isa = PBXBuildFile; fileRef = 54F254652587990800A78A4D /* CollageCreationViewController.swift */; };
		54F25469258799C200A78A4D /* UIView+Layout.swift in Sources */ = {isa = PBXBuildFile; fileRef = 54F25468258799C200A78A4D /* UIView+Layout.swift */; };
		54F2546F2587A60A00A78A4D /* Cat-noise.mp3 in Resources */ = {isa = PBXBuildFile; fileRef = 54F2546E2587A60A00A78A4D /* Cat-noise.mp3 */; };
		54F254752587AC2E00A78A4D /* CollageView.swift in Sources */ = {isa = PBXBuildFile; fileRef = 54F254742587AC2E00A78A4D /* CollageView.swift */; };
		54F254DB25889F6F00A78A4D /* CreateButton.swift in Sources */ = {isa = PBXBuildFile; fileRef = 54F254DA25889F6F00A78A4D /* CreateButton.swift */; };
		54F255312589036D00A78A4D /* Collages.xcdatamodeld in Sources */ = {isa = PBXBuildFile; fileRef = 54F2552F2589036D00A78A4D /* Collages.xcdatamodeld */; };
		54F2554725892CD100A78A4D /* CoreDataStack.swift in Sources */ = {isa = PBXBuildFile; fileRef = 54F2554625892CD100A78A4D /* CoreDataStack.swift */; };
		54F25552258941BA00A78A4D /* Collage+CoreDataClass.swift in Sources */ = {isa = PBXBuildFile; fileRef = 54F25550258941BA00A78A4D /* Collage+CoreDataClass.swift */; };
		54F25553258941BA00A78A4D /* Collage+CoreDataProperties.swift in Sources */ = {isa = PBXBuildFile; fileRef = 54F25551258941BA00A78A4D /* Collage+CoreDataProperties.swift */; };
/* End PBXBuildFile section */

/* Begin PBXFileReference section */
		54F2544D258798B300A78A4D /* CollageCreation.app */ = {isa = PBXFileReference; explicitFileType = wrapper.application; includeInIndex = 0; path = CollageCreation.app; sourceTree = BUILT_PRODUCTS_DIR; };
		54F25450258798B300A78A4D /* AppDelegate.swift */ = {isa = PBXFileReference; lastKnownFileType = sourcecode.swift; path = AppDelegate.swift; sourceTree = "<group>"; };
		54F25452258798B300A78A4D /* SceneDelegate.swift */ = {isa = PBXFileReference; lastKnownFileType = sourcecode.swift; path = SceneDelegate.swift; sourceTree = "<group>"; };
		54F25457258798B300A78A4D /* Base */ = {isa = PBXFileReference; lastKnownFileType = file.storyboard; name = Base; path = Base.lproj/Main.storyboard; sourceTree = "<group>"; };
		54F25459258798B500A78A4D /* Assets.xcassets */ = {isa = PBXFileReference; lastKnownFileType = folder.assetcatalog; path = Assets.xcassets; sourceTree = "<group>"; };
		54F2545C258798B500A78A4D /* Base */ = {isa = PBXFileReference; lastKnownFileType = file.storyboard; name = Base; path = Base.lproj/LaunchScreen.storyboard; sourceTree = "<group>"; };
		54F2545E258798B500A78A4D /* Info.plist */ = {isa = PBXFileReference; lastKnownFileType = text.plist.xml; path = Info.plist; sourceTree = "<group>"; };
		54F254652587990800A78A4D /* CollageCreationViewController.swift */ = {isa = PBXFileReference; lastKnownFileType = sourcecode.swift; path = CollageCreationViewController.swift; sourceTree = "<group>"; };
		54F25468258799C200A78A4D /* UIView+Layout.swift */ = {isa = PBXFileReference; lastKnownFileType = sourcecode.swift; path = "UIView+Layout.swift"; sourceTree = "<group>"; };
		54F2546E2587A60A00A78A4D /* Cat-noise.mp3 */ = {isa = PBXFileReference; lastKnownFileType = audio.mp3; path = "Cat-noise.mp3"; sourceTree = "<group>"; };
		54F254742587AC2E00A78A4D /* CollageView.swift */ = {isa = PBXFileReference; lastKnownFileType = sourcecode.swift; path = CollageView.swift; sourceTree = "<group>"; };
		54F254DA25889F6F00A78A4D /* CreateButton.swift */ = {isa = PBXFileReference; lastKnownFileType = sourcecode.swift; path = CreateButton.swift; sourceTree = "<group>"; };
		54F255302589036D00A78A4D /* Collages.xcdatamodel */ = {isa = PBXFileReference; lastKnownFileType = wrapper.xcdatamodel; path = Collages.xcdatamodel; sourceTree = "<group>"; };
		54F2554625892CD100A78A4D /* CoreDataStack.swift */ = {isa = PBXFileReference; lastKnownFileType = sourcecode.swift; path = CoreDataStack.swift; sourceTree = "<group>"; };
		54F25550258941BA00A78A4D /* Collage+CoreDataClass.swift */ = {isa = PBXFileReference; lastKnownFileType = sourcecode.swift; path = "Collage+CoreDataClass.swift"; sourceTree = "<group>"; };
		54F25551258941BA00A78A4D /* Collage+CoreDataProperties.swift */ = {isa = PBXFileReference; lastKnownFileType = sourcecode.swift; path = "Collage+CoreDataProperties.swift"; sourceTree = "<group>"; };
/* End PBXFileReference section */

/* Begin PBXFrameworksBuildPhase section */
		54F2544A258798B300A78A4D /* Frameworks */ = {
			isa = PBXFrameworksBuildPhase;
			buildActionMask = 2147483647;
			files = (
			);
			runOnlyForDeploymentPostprocessing = 0;
		};
/* End PBXFrameworksBuildPhase section */

/* Begin PBXGroup section */
		54F25444258798B300A78A4D = {
			isa = PBXGroup;
			children = (
				54F2544F258798B300A78A4D /* CollageCreation */,
				54F2544E258798B300A78A4D /* Products */,
			);
			sourceTree = "<group>";
		};
		54F2544E258798B300A78A4D /* Products */ = {
			isa = PBXGroup;
			children = (
				54F2544D258798B300A78A4D /* CollageCreation.app */,
			);
			name = Products;
			sourceTree = "<group>";
		};
		54F2544F258798B300A78A4D /* CollageCreation */ = {
			isa = PBXGroup;
			children = (
				54F2553425891D9E00A78A4D /* Resources */,
				54F2553325891CDF00A78A4D /* Models */,
				54F254732587AC1D00A78A4D /* Views */,
				54F254672587998900A78A4D /* Helpers */,
				54F25464258798E500A78A4D /* Controllers */,
				54F25450258798B300A78A4D /* AppDelegate.swift */,
				54F25452258798B300A78A4D /* SceneDelegate.swift */,
				54F2554625892CD100A78A4D /* CoreDataStack.swift */,
				54F25456258798B300A78A4D /* Main.storyboard */,
				54F25459258798B500A78A4D /* Assets.xcassets */,
				54F2545B258798B500A78A4D /* LaunchScreen.storyboard */,
				54F2545E258798B500A78A4D /* Info.plist */,
				54F2552F2589036D00A78A4D /* Collages.xcdatamodeld */,
			);
			path = CollageCreation;
			sourceTree = "<group>";
		};
		54F25464258798E500A78A4D /* Controllers */ = {
			isa = PBXGroup;
			children = (
				54F254652587990800A78A4D /* CollageCreationViewController.swift */,
			);
			path = Controllers;
			sourceTree = "<group>";
		};
		54F254672587998900A78A4D /* Helpers */ = {
			isa = PBXGroup;
			children = (
				54F25468258799C200A78A4D /* UIView+Layout.swift */,
			);
			path = Helpers;
			sourceTree = "<group>";
		};
		54F254732587AC1D00A78A4D /* Views */ = {
			isa = PBXGroup;
			children = (
				54F254742587AC2E00A78A4D /* CollageView.swift */,
				54F254DA25889F6F00A78A4D /* CreateButton.swift */,
			);
			path = Views;
			sourceTree = "<group>";
		};
		54F2553325891CDF00A78A4D /* Models */ = {
			isa = PBXGroup;
			children = (
				54F25550258941BA00A78A4D /* Collage+CoreDataClass.swift */,
				54F25551258941BA00A78A4D /* Collage+CoreDataProperties.swift */,
			);
			path = Models;
			sourceTree = "<group>";
		};
		54F2553425891D9E00A78A4D /* Resources */ = {
			isa = PBXGroup;
			children = (
				54F2546E2587A60A00A78A4D /* Cat-noise.mp3 */,
			);
			path = Resources;
			sourceTree = "<group>";
		};
/* End PBXGroup section */

/* Begin PBXNativeTarget section */
		54F2544C258798B300A78A4D /* CollageCreation */ = {
			isa = PBXNativeTarget;
			buildConfigurationList = 54F25461258798B500A78A4D /* Build configuration list for PBXNativeTarget "CollageCreation" */;
			buildPhases = (
				54F25449258798B300A78A4D /* Sources */,
				54F2544A258798B300A78A4D /* Frameworks */,
				54F2544B258798B300A78A4D /* Resources */,
			);
			buildRules = (
			);
			dependencies = (
			);
			name = CollageCreation;
			productName = CollageCreation;
			productReference = 54F2544D258798B300A78A4D /* CollageCreation.app */;
			productType = "com.apple.product-type.application";
		};
/* End PBXNativeTarget section */

/* Begin PBXProject section */
		54F25445258798B300A78A4D /* Project object */ = {
			isa = PBXProject;
			attributes = {
				LastSwiftUpdateCheck = 1170;
				LastUpgradeCheck = 1170;
				ORGANIZATIONNAME = "David";
				TargetAttributes = {
					54F2544C258798B300A78A4D = {
						CreatedOnToolsVersion = 11.7;
					};
				};
			};
			buildConfigurationList = 54F25448258798B300A78A4D /* Build configuration list for PBXProject "CollageCreation" */;
			compatibilityVersion = "Xcode 9.3";
			developmentRegion = en;
			hasScannedForEncodings = 0;
			knownRegions = (
				en,
				Base,
			);
			mainGroup = 54F25444258798B300A78A4D;
			productRefGroup = 54F2544E258798B300A78A4D /* Products */;
			projectDirPath = "";
			projectRoot = "";
			targets = (
				54F2544C258798B300A78A4D /* CollageCreation */,
			);
		};
/* End PBXProject section */

/* Begin PBXResourcesBuildPhase section */
		54F2544B258798B300A78A4D /* Resources */ = {
			isa = PBXResourcesBuildPhase;
			buildActionMask = 2147483647;
			files = (
				54F2545D258798B500A78A4D /* LaunchScreen.storyboard in Resources */,
				54F2545A258798B500A78A4D /* Assets.xcassets in Resources */,
				54F2546F2587A60A00A78A4D /* Cat-noise.mp3 in Resources */,
				54F25458258798B300A78A4D /* Main.storyboard in Resources */,
			);
			runOnlyForDeploymentPostprocessing = 0;
		};
/* End PBXResourcesBuildPhase section */

/* Begin PBXSourcesBuildPhase section */
		54F25449258798B300A78A4D /* Sources */ = {
			isa = PBXSourcesBuildPhase;
			buildActionMask = 2147483647;
			files = (
				54F25469258799C200A78A4D /* UIView+Layout.swift in Sources */,
				54F254DB25889F6F00A78A4D /* CreateButton.swift in Sources */,
				54F25552258941BA00A78A4D /* Collage+CoreDataClass.swift in Sources */,
				54F25451258798B300A78A4D /* AppDelegate.swift in Sources */,
				54F2554725892CD100A78A4D /* CoreDataStack.swift in Sources */,
				54F254662587990800A78A4D /* CollageCreationViewController.swift in Sources */,
				54F254752587AC2E00A78A4D /* CollageView.swift in Sources */,
				54F25453258798B300A78A4D /* SceneDelegate.swift in Sources */,
				54F25553258941BA00A78A4D /* Collage+CoreDataProperties.swift in Sources */,
				54F255312589036D00A78A4D /* Collages.xcdatamodeld in Sources */,
			);
			runOnlyForDeploymentPostprocessing = 0;
		};
/* End PBXSourcesBuildPhase section */

/* Begin PBXVariantGroup section */
		54F25456258798B300A78A4D /* Main.storyboard */ = {
			isa = PBXVariantGroup;
			children = (
				54F25457258798B300A78A4D /* Base */,
			);
			name = Main.storyboard;
			sourceTree = "<group>";
		};
		54F2545B258798B500A78A4D /* LaunchScreen.storyboard */ = {
			isa = PBXVariantGroup;
			children = (
				54F2545C258798B500A78A4D /* Base */,
			);
			name = LaunchScreen.storyboard;
			sourceTree = "<group>";
		};
/* End PBXVariantGroup section */

/* Begin XCBuildConfiguration section */
		54F2545F258798B500A78A4D /* Debug */ = {
			isa = XCBuildConfiguration;
			buildSettings = {
				ALWAYS_SEARCH_USER_PATHS = NO;
				CLANG_ANALYZER_NONNULL = YES;
				CLANG_ANALYZER_NUMBER_OBJECT_CONVERSION = YES_AGGRESSIVE;
				CLANG_CXX_LANGUAGE_STANDARD = "gnu++14";
				CLANG_CXX_LIBRARY = "libc++";
				CLANG_ENABLE_MODULES = YES;
				CLANG_ENABLE_OBJC_ARC = YES;
				CLANG_ENABLE_OBJC_WEAK = YES;
				CLANG_WARN_BLOCK_CAPTURE_AUTORELEASING = YES;
				CLANG_WARN_BOOL_CONVERSION = YES;
				CLANG_WARN_COMMA = YES;
				CLANG_WARN_CONSTANT_CONVERSION = YES;
				CLANG_WARN_DEPRECATED_OBJC_IMPLEMENTATIONS = YES;
				CLANG_WARN_DIRECT_OBJC_ISA_USAGE = YES_ERROR;
				CLANG_WARN_DOCUMENTATION_COMMENTS = YES;
				CLANG_WARN_EMPTY_BODY = YES;
				CLANG_WARN_ENUM_CONVERSION = YES;
				CLANG_WARN_INFINITE_RECURSION = YES;
				CLANG_WARN_INT_CONVERSION = YES;
				CLANG_WARN_NON_LITERAL_NULL_CONVERSION = YES;
				CLANG_WARN_OBJC_IMPLICIT_RETAIN_SELF = YES;
				CLANG_WARN_OBJC_LITERAL_CONVERSION = YES;
				CLANG_WARN_OBJC_ROOT_CLASS = YES_ERROR;
				CLANG_WARN_RANGE_LOOP_ANALYSIS = YES;
				CLANG_WARN_STRICT_PROTOTYPES = YES;
				CLANG_WARN_SUSPICIOUS_MOVE = YES;
				CLANG_WARN_UNGUARDED_AVAILABILITY = YES_AGGRESSIVE;
				CLANG_WARN_UNREACHABLE_CODE = YES;
				CLANG_WARN__DUPLICATE_METHOD_MATCH = YES;
				COPY_PHASE_STRIP = NO;
				DEBUG_INFORMATION_FORMAT = dwarf;
				ENABLE_STRICT_OBJC_MSGSEND = YES;
				ENABLE_TESTABILITY = YES;
				GCC_C_LANGUAGE_STANDARD = gnu11;
				GCC_DYNAMIC_NO_PIC = NO;
				GCC_NO_COMMON_BLOCKS = YES;
				GCC_OPTIMIZATION_LEVEL = 0;
				GCC_PREPROCESSOR_DEFINITIONS = (
					"DEBUG=1",
					"$(inherited)",
				);
				GCC_WARN_64_TO_32_BIT_CONVERSION = YES;
				GCC_WARN_ABOUT_RETURN_TYPE = YES_ERROR;
				GCC_WARN_UNDECLARED_SELECTOR = YES;
				GCC_WARN_UNINITIALIZED_AUTOS = YES_AGGRESSIVE;
				GCC_WARN_UNUSED_FUNCTION = YES;
				GCC_WARN_UNUSED_VARIABLE = YES;
				IPHONEOS_DEPLOYMENT_TARGET = 13.7;
				MTL_ENABLE_DEBUG_INFO = INCLUDE_SOURCE;
				MTL_FAST_MATH = YES;
				ONLY_ACTIVE_ARCH = YES;
				SDKROOT = iphoneos;
				SWIFT_ACTIVE_COMPILATION_CONDITIONS = DEBUG;
				SWIFT_OPTIMIZATION_LEVEL = "-Onone";
			};
			name = Debug;
		};
		54F25460258798B500A78A4D /* Release */ = {
			isa = XCBuildConfiguration;
			buildSettings = {
				ALWAYS_SEARCH_USER_PATHS = NO;
				CLANG_ANALYZER_NONNULL = YES;
				CLANG_ANALYZER_NUMBER_OBJECT_CONVERSION = YES_AGGRESSIVE;
				CLANG_CXX_LANGUAGE_STANDARD = "gnu++14";
				CLANG_CXX_LIBRARY = "libc++";
				CLANG_ENABLE_MODULES = YES;
				CLANG_ENABLE_OBJC_ARC = YES;
				CLANG_ENABLE_OBJC_WEAK = YES;
				CLANG_WARN_BLOCK_CAPTURE_AUTORELEASING = YES;
				CLANG_WARN_BOOL_CONVERSION = YES;
				CLANG_WARN_COMMA = YES;
				CLANG_WARN_CONSTANT_CONVERSION = YES;
				CLANG_WARN_DEPRECATED_OBJC_IMPLEMENTATIONS = YES;
				CLANG_WARN_DIRECT_OBJC_ISA_USAGE = YES_ERROR;
				CLANG_WARN_DOCUMENTATION_COMMENTS = YES;
				CLANG_WARN_EMPTY_BODY = YES;
				CLANG_WARN_ENUM_CONVERSION = YES;
				CLANG_WARN_INFINITE_RECURSION = YES;
				CLANG_WARN_INT_CONVERSION = YES;
				CLANG_WARN_NON_LITERAL_NULL_CONVERSION = YES;
				CLANG_WARN_OBJC_IMPLICIT_RETAIN_SELF = YES;
				CLANG_WARN_OBJC_LITERAL_CONVERSION = YES;
				CLANG_WARN_OBJC_ROOT_CLASS = YES_ERROR;
				CLANG_WARN_RANGE_LOOP_ANALYSIS = YES;
				CLANG_WARN_STRICT_PROTOTYPES = YES;
				CLANG_WARN_SUSPICIOUS_MOVE = YES;
				CLANG_WARN_UNGUARDED_AVAILABILITY = YES_AGGRESSIVE;
				CLANG_WARN_UNREACHABLE_CODE = YES;
				CLANG_WARN__DUPLICATE_METHOD_MATCH = YES;
				COPY_PHASE_STRIP = NO;
				DEBUG_INFORMATION_FORMAT = "dwarf-with-dsym";
				ENABLE_NS_ASSERTIONS = NO;
				ENABLE_STRICT_OBJC_MSGSEND = YES;
				GCC_C_LANGUAGE_STANDARD = gnu11;
				GCC_NO_COMMON_BLOCKS = YES;
				GCC_WARN_64_TO_32_BIT_CONVERSION = YES;
				GCC_WARN_ABOUT_RETURN_TYPE = YES_ERROR;
				GCC_WARN_UNDECLARED_SELECTOR = YES;
				GCC_WARN_UNINITIALIZED_AUTOS = YES_AGGRESSIVE;
				GCC_WARN_UNUSED_FUNCTION = YES;
				GCC_WARN_UNUSED_VARIABLE = YES;
				IPHONEOS_DEPLOYMENT_TARGET = 13.7;
				MTL_ENABLE_DEBUG_INFO = NO;
				MTL_FAST_MATH = YES;
				SDKROOT = iphoneos;
				SWIFT_COMPILATION_MODE = wholemodule;
				SWIFT_OPTIMIZATION_LEVEL = "-O";
				VALIDATE_PRODUCT = YES;
			};
			name = Release;
		};
		54F25462258798B500A78A4D /* Debug */ = {
			isa = XCBuildConfiguration;
			buildSettings = {
				ASSETCATALOG_COMPILER_APPICON_NAME = AppIcon;
				CODE_SIGN_STYLE = Automatic;
				DEVELOPMENT_TEAM = RNX3GY6LZ6;
				INFOPLIST_FILE = CollageCreation/Info.plist;
				LD_RUNPATH_SEARCH_PATHS = (
					"$(inherited)",
					"@executable_path/Frameworks",
				);
				PRODUCT_BUNDLE_IDENTIFIER = com.dvdlee.CollageCreation;
				PRODUCT_NAME = "$(TARGET_NAME)";
				SWIFT_VERSION = 5.0;
				TARGETED_DEVICE_FAMILY = "1,2";
			};
			name = Debug;
		};
		54F25463258798B500A78A4D /* Release */ = {
			isa = XCBuildConfiguration;
			buildSettings = {
				ASSETCATALOG_COMPILER_APPICON_NAME = AppIcon;
				CODE_SIGN_STYLE = Automatic;
				DEVELOPMENT_TEAM = RNX3GY6LZ6;
				INFOPLIST_FILE = CollageCreation/Info.plist;
				LD_RUNPATH_SEARCH_PATHS = (
					"$(inherited)",
					"@executable_path/Frameworks",
				);
				PRODUCT_BUNDLE_IDENTIFIER = com.dvdlee.CollageCreation;
				PRODUCT_NAME = "$(TARGET_NAME)";
				SWIFT_VERSION = 5.0;
				TARGETED_DEVICE_FAMILY = "1,2";
			};
			name = Release;
		};
/* End XCBuildConfiguration section */

/* Begin XCConfigurationList section */
		54F25448258798B300A78A4D /* Build configuration list for PBXProject "CollageCreation" */ = {
			isa = XCConfigurationList;
			buildConfigurations = (
				54F2545F258798B500A78A4D /* Debug */,
				54F25460258798B500A78A4D /* Release */,
			);
			defaultConfigurationIsVisible = 0;
			defaultConfigurationName = Release;
		};
		54F25461258798B500A78A4D /* Build configuration list for PBXNativeTarget "CollageCreation" */ = {
			isa = XCConfigurationList;
			buildConfigurations = (
				54F25462258798B500A78A4D /* Debug */,
				54F25463258798B500A78A4D /* Release */,
			);
			defaultConfigurationIsVisible = 0;
			defaultConfigurationName = Release;
		};
/* End XCConfigurationList section */

/* Begin XCVersionGroup section */
		54F2552F2589036D00A78A4D /* Collages.xcdatamodeld */ = {
			isa = XCVersionGroup;
			children = (
				54F255302589036D00A78A4D /* Collages.xcdatamodel */,
			);
			currentVersion = 54F255302589036D00A78A4D /* Collages.xcdatamodel */;
			path = Collages.xcdatamodeld;
			sourceTree = "<group>";
			versionGroupType = wrapper.xcdatamodel;
		};
/* End XCVersionGroup section */
	};
	rootObject = 54F25445258798B300A78A4D /* Project object */;
}
